Microsoft Visual Studio Solution File, Format Version 12.00
# Visual Studio Version 17
VisualStudioVersion = 17.5.2.0
MinimumVisualStudioVersion = 10.0.40219.1
Project("{FAE04EC0-301F-11D3-BF4B-00C04F79EFBC}") = "Task5_MusicShowcase", "Task5_MusicShowcase.csproj", "{482B5BFB-5A8D-9850-C013-038C2CB3D598}"
EndProject
Global
	GlobalSection(SolutionConfigurationPlatforms) = preSolution
		Debug|Any CPU = Debug|Any CPU
		Release|Any CPU = Release|Any CPU
	EndGlobalSection
	GlobalSection(ProjectConfigurationPlatforms) = postSolution
		{482B5BFB-5A8D-9850-C013-038C2CB3D598}.Debug|Any CPU.ActiveCfg = Debug|Any CPU
		{482B5BFB-5A8D-9850-C013-038C2CB3D598}.Debug|Any CPU.Build.0 = Debug|Any CPU
		{482B5BFB-5A8D-9850-C013-038C2CB3D598}.Release|Any CPU.ActiveCfg = Release|Any CPU
		{482B5BFB-5A8D-9850-C013-038C2CB3D598}.Release|Any CPU.Build.0 = Release|Any CPU
	EndGlobalSection
	GlobalSection(SolutionProperties) = preSolution
		HideSolutionNode = FALSE
	EndGlobalSection
	GlobalSection(ExtensibilityGlobals) = postSolution
		SolutionGuid = {4142A896-706B-4590-81EC-8A672DE78711}
	EndGlobalSection
EndGlobal
